
Microsoft Visual Studio Solution File, Format Version 12.00
# Visual Studio 2012
Project("{FAE04EC0-301F-11D3-BF4B-00C04F79EFBC}") = "Ejercicio1LP2-Joan", "Ejercicio1LP2-Joan\Ejercicio1LP2-Joan.csproj", "{ACBFE7A4-C2ED-459B-80F1-9D48C8F0153B}"
EndProject
Global
	GlobalSection(SolutionConfigurationPlatforms) = preSolution
		Debug|Any CPU = Debug|Any CPU
		Release|Any CPU = Release|Any CPU
	EndGlobalSection
	GlobalSection(ProjectConfigurationPlatforms) = postSolution
		{ACBFE7A4-C2ED-459B-80F1-9D48C8F0153B}.Debug|Any CPU.ActiveCfg = Debug|Any CPU
		{ACBFE7A4-C2ED-459B-80F1-9D48C8F0153B}.Debug|Any CPU.Build.0 = Debug|Any CPU
		{ACBFE7A4-C2ED-459B-80F1-9D48C8F0153B}.Release|Any CPU.ActiveCfg = Release|Any CPU
		{ACBFE7A4-C2ED-459B-80F1-9D48C8F0153B}.Release|Any CPU.Build.0 = Release|Any CPU
	EndGlobalSection
EndGlobal
